
Microsoft Visual Studio Solution File, Format Version 12.00
# Visual Studio Version 16
VisualStudioVersion = 16.0.31911.196
MinimumVisualStudioVersion = 10.0.40219.1
Project("{FAE04EC0-301F-11D3-BF4B-00C04F79EFBC}") = "jsontocpp", "jsontocpp.csproj", "{CC925F0F-5CE1-42A1-A263-5ADF7BA75F9C}"
EndProject
Global
	GlobalSection(SolutionConfigurationPlatforms) = preSolution
		Debug|Any CPU = Debug|Any CPU
		Release|Any CPU = Release|Any CPU
	EndGlobalSection
	GlobalSection(ProjectConfigurationPlatforms) = postSolution
		{CC925F0F-5CE1-42A1-A263-5ADF7BA75F9C}.Debug|Any CPU.ActiveCfg = Debug|Any CPU
		{CC925F0F-5CE1-42A1-A263-5ADF7BA75F9C}.Debug|Any CPU.Build.0 = Debug|Any CPU
		{CC925F0F-5CE1-42A1-A263-5ADF7BA75F9C}.Release|Any CPU.ActiveCfg = Release|Any CPU
		{CC925F0F-5CE1-42A1-A263-5ADF7BA75F9C}.Release|Any CPU.Build.0 = Release|Any CPU
	EndGlobalSection
	GlobalSection(SolutionProperties) = preSolution
		HideSolutionNode = FALSE
	EndGlobalSection
	GlobalSection(ExtensibilityGlobals) = postSolution
		SolutionGuid = {56276811-802A-4F5A-9957-FF26F954BB60}
	EndGlobalSection
EndGlobal
